
Microsoft Visual Studio Solution File, Format Version 12.00
# Visual Studio 15
VisualStudioVersion = 15.0.27130.2010
MinimumVisualStudioVersion = 10.0.40219.1
Project("{FAE04EC0-301F-11D3-BF4B-00C04F79EFBC}") = "CSharpReferenceTypes", "CSharpReferenceTypes\CSharpReferenceTypes.csproj", "{E903E4B0-8E47-477A-97D6-32FFFA79B1BE}"
EndProject
Project("{FAE04EC0-301F-11D3-BF4B-00C04F79EFBC}") = "CSharpConditionalStatements", "CSharpConditionalStatements\CSharpConditionalStatements.csproj", "{9BF23AA1-83B8-45DC-979C-58FA102060A0}"
EndProject
Project("{FAE04EC0-301F-11D3-BF4B-00C04F79EFBC}") = "IdentifyCharcterType", "IdentifyCharcterType\IdentifyCharcterType.csproj", "{7574B4B3-F39B-4E21-8BD5-E3CF6B48C596}"
EndProject
Project("{2150E333-8FDC-42A3-9474-1A3956D46DE8}") = "ConsoleApplications", "ConsoleApplications", "{6C77ABAD-8DD0-4356-A025-9402D906532C}"
EndProject
Project("{2150E333-8FDC-42A3-9474-1A3956D46DE8}") = "WindowsApplications", "WindowsApplications", "{ED4134D3-31A6-4092-8F16-64E8750683AE}"
EndProject
Project("{FAE04EC0-301F-11D3-BF4B-00C04F79EFBC}") = "WindowsFormsRegularExpressions", "WindowsFormsRegularExpressions\WindowsFormsRegularExpressions.csproj", "{976FE761-4ABF-4D0E-AE7A-2EC6E44F5844}"
EndProject
Project("{2150E333-8FDC-42A3-9474-1A3956D46DE8}") = "ClassLibrary", "ClassLibrary", "{5A1F7C67-C679-4908-8714-39860C8B167F}"
EndProject
Project("{FAE04EC0-301F-11D3-BF4B-00C04F79EFBC}") = "CSharpIterativeStatements", "CSharpIterativeStatements\CSharpIterativeStatements.csproj", "{30FAB83F-A360-416E-9DF0-A45053D6ABB6}"
EndProject
Project("{FAE04EC0-301F-11D3-BF4B-00C04F79EFBC}") = "CSharpJumpStatements", "CSharpJumpStatements\CSharpJumpStatements.csproj", "{6AC731D7-9BC4-4D13-BBFD-41CA032F7510}"
EndProject
Project("{FAE04EC0-301F-11D3-BF4B-00C04F79EFBC}") = "IntegerConversions", "IntegerConversions\IntegerConversions.csproj", "{3C476F09-07D5-4A5E-ABFD-A395B20F6205}"
EndProject
Project("{FAE04EC0-301F-11D3-BF4B-00C04F79EFBC}") = "CSharpExceptionsHandling", "CSharpExceptionsHandling\CSharpExceptionsHandling.csproj", "{5BAFD2B5-E0FC-4244-9D0F-26842A9406DB}"
EndProject
Project("{FAE04EC0-301F-11D3-BF4B-00C04F79EFBC}") = "CSharpClassDemo", "CSharpClassDemo\CSharpClassDemo.csproj", "{D7455F17-458C-42D1-B985-37A2C50D646F}"
EndProject
Project("{FAE04EC0-301F-11D3-BF4B-00C04F79EFBC}") = "CSharpHelloWorld", "CSharpHelloWorld\CSharpHelloWorld.csproj", "{7929A6F6-135E-4A53-B6CA-FDE88714A546}"
EndProject
Project("{FAE04EC0-301F-11D3-BF4B-00C04F79EFBC}") = "CSharpArrays", "CSharpArrays\CSharpArrays.csproj", "{CACAA596-EB9A-43AF-973A-ABC946EDDFB2}"
EndProject
Project("{FAE04EC0-301F-11D3-BF4B-00C04F79EFBC}") = "CSharpPolymorphism", "CSharpPolymorphism\CSharpPolymorphism.csproj", "{CEE4C712-BA35-486B-AE47-5F3BC35F419F}"
EndProject
Project("{FAE04EC0-301F-11D3-BF4B-00C04F79EFBC}") = "CSharpAbstractClass", "CSharpAbstractClass\CSharpAbstractClass.csproj", "{4C08ACFC-41EF-468E-A032-10BAAFD9B3DF}"
EndProject
Project("{2150E333-8FDC-42A3-9474-1A3956D46DE8}") = "OOPS", "OOPS", "{E646224E-6B59-46E6-A1D9-9B0634922D80}"
EndProject
Project("{2150E333-8FDC-42A3-9474-1A3956D46DE8}") = "Basics", "Basics", "{F963E46A-253E-4FC3-91B2-91E38442E9C3}"
EndProject
Project("{2150E333-8FDC-42A3-9474-1A3956D46DE8}") = "Collections", "Collections", "{791C7CB5-B76A-4DB4-8D9E-72212589FD68}"
EndProject
Project("{2150E333-8FDC-42A3-9474-1A3956D46DE8}") = "ExceptionHandling", "ExceptionHandling", "{05DEE1FE-AD55-47A1-BC64-2FCFDA0820E8}"
EndProject
Project("{2150E333-8FDC-42A3-9474-1A3956D46DE8}") = "Linq", "Linq", "{9E78B802-7599-4072-AFEE-420686684BF5}"
EndProject
Project("{FAE04EC0-301F-11D3-BF4B-00C04F79EFBC}") = "CSharpDefaultIfEmpty", "CSharpDefaultIfEmpty\CSharpDefaultIfEmpty.csproj", "{BA30B290-B5A2-44AB-A78A-296F1A68A6AB}"
EndProject
Project("{FAE04EC0-301F-11D3-BF4B-00C04F79EFBC}") = "CSharpList", "CSharpList\CSharpList.csproj", "{74C7B069-1D86-481F-BF4F-90E19CA917B4}"
EndProject
Project("{FAE04EC0-301F-11D3-BF4B-00C04F79EFBC}") = "CSharpArrayList", "CSharpArrayList\CSharpArrayList.csproj", "{F00D6CCA-44C4-4D45-BA87-41252D32F5B8}"
EndProject
Project("{FAE04EC0-301F-11D3-BF4B-00C04F79EFBC}") = "CSharpDictionary", "CSharpDictionary\CSharpDictionary.csproj", "{BE200CFB-9E5D-477E-A5F1-26E76337A54B}"
EndProject
Project("{FAE04EC0-301F-11D3-BF4B-00C04F79EFBC}") = "CSharpHashTable", "CSharpHashTable\CSharpHashTable.csproj", "{D772572D-80E5-4E54-8D87-CE640D3B0897}"
EndProject
Project("{FAE04EC0-301F-11D3-BF4B-00C04F79EFBC}") = "CSharpStaticClass", "CSharpStaticClass\CSharpStaticClass.csproj", "{EC91A575-9908-47A4-8753-E1967054F1AD}"
EndProject
Global
	GlobalSection(SolutionConfigurationPlatforms) = preSolution
		Debug|Any CPU = Debug|Any CPU
		Release|Any CPU = Release|Any CPU
	EndGlobalSection
	GlobalSection(ProjectConfigurationPlatforms) = postSolution
		{E903E4B0-8E47-477A-97D6-32FFFA79B1BE}.Debug|Any CPU.ActiveCfg = Debug|Any CPU
		{E903E4B0-8E47-477A-97D6-32FFFA79B1BE}.Debug|Any CPU.Build.0 = Debug|Any CPU
		{E903E4B0-8E47-477A-97D6-32FFFA79B1BE}.Release|Any CPU.ActiveCfg = Release|Any CPU
		{E903E4B0-8E47-477A-97D6-32FFFA79B1BE}.Release|Any CPU.Build.0 = Release|Any CPU
		{9BF23AA1-83B8-45DC-979C-58FA102060A0}.Debug|Any CPU.ActiveCfg = Debug|Any CPU
		{9BF23AA1-83B8-45DC-979C-58FA102060A0}.Debug|Any CPU.Build.0 = Debug|Any CPU
		{9BF23AA1-83B8-45DC-979C-58FA102060A0}.Release|Any CPU.ActiveCfg = Release|Any CPU
		{9BF23AA1-83B8-45DC-979C-58FA102060A0}.Release|Any CPU.Build.0 = Release|Any CPU
		{7574B4B3-F39B-4E21-8BD5-E3CF6B48C596}.Debug|Any CPU.ActiveCfg = Debug|Any CPU
		{7574B4B3-F39B-4E21-8BD5-E3CF6B48C596}.Debug|Any CPU.Build.0 = Debug|Any CPU
		{7574B4B3-F39B-4E21-8BD5-E3CF6B48C596}.Release|Any CPU.ActiveCfg = Release|Any CPU
		{7574B4B3-F39B-4E21-8BD5-E3CF6B48C596}.Release|Any CPU.Build.0 = Release|Any CPU
		{976FE761-4ABF-4D0E-AE7A-2EC6E44F5844}.Debug|Any CPU.ActiveCfg = Debug|Any CPU
		{976FE761-4ABF-4D0E-AE7A-2EC6E44F5844}.Debug|Any CPU.Build.0 = Debug|Any CPU
		{976FE761-4ABF-4D0E-AE7A-2EC6E44F5844}.Release|Any CPU.ActiveCfg = Release|Any CPU
		{976FE761-4ABF-4D0E-AE7A-2EC6E44F5844}.Release|Any CPU.Build.0 = Release|Any CPU
		{30FAB83F-A360-416E-9DF0-A45053D6ABB6}.Debug|Any CPU.ActiveCfg = Debug|Any CPU
		{30FAB83F-A360-416E-9DF0-A45053D6ABB6}.Debug|Any CPU.Build.0 = Debug|Any CPU
		{30FAB83F-A360-416E-9DF0-A45053D6ABB6}.Release|Any CPU.ActiveCfg = Release|Any CPU
		{30FAB83F-A360-416E-9DF0-A45053D6ABB6}.Release|Any CPU.Build.0 = Release|Any CPU
		{6AC731D7-9BC4-4D13-BBFD-41CA032F7510}.Debug|Any CPU.ActiveCfg = Debug|Any CPU
		{6AC731D7-9BC4-4D13-BBFD-41CA032F7510}.Debug|Any CPU.Build.0 = Debug|Any CPU
		{6AC731D7-9BC4-4D13-BBFD-41CA032F7510}.Release|Any CPU.ActiveCfg = Release|Any CPU
		{6AC731D7-9BC4-4D13-BBFD-41CA032F7510}.Release|Any CPU.Build.0 = Release|Any CPU
		{3C476F09-07D5-4A5E-ABFD-A395B20F6205}.Debug|Any CPU.ActiveCfg = Debug|Any CPU
		{3C476F09-07D5-4A5E-ABFD-A395B20F6205}.Debug|Any CPU.Build.0 = Debug|Any CPU
		{3C476F09-07D5-4A5E-ABFD-A395B20F6205}.Release|Any CPU.ActiveCfg = Release|Any CPU
		{3C476F09-07D5-4A5E-ABFD-A395B20F6205}.Release|Any CPU.Build.0 = Release|Any CPU
		{5BAFD2B5-E0FC-4244-9D0F-26842A9406DB}.Debug|Any CPU.ActiveCfg = Debug|Any CPU
		{5BAFD2B5-E0FC-4244-9D0F-26842A9406DB}.Debug|Any CPU.Build.0 = Debug|Any CPU
		{5BAFD2B5-E0FC-4244-9D0F-26842A9406DB}.Release|Any CPU.ActiveCfg = Release|Any CPU
		{5BAFD2B5-E0FC-4244-9D0F-26842A9406DB}.Release|Any CPU.Build.0 = Release|Any CPU
		{D7455F17-458C-42D1-B985-37A2C50D646F}.Debug|Any CPU.ActiveCfg = Debug|Any CPU
		{D7455F17-458C-42D1-B985-37A2C50D646F}.Debug|Any CPU.Build.0 = Debug|Any CPU
		{D7455F17-458C-42D1-B985-37A2C50D646F}.Release|Any CPU.ActiveCfg = Release|Any CPU
		{D7455F17-458C-42D1-B985-37A2C50D646F}.Release|Any CPU.Build.0 = Release|Any CPU
		{7929A6F6-135E-4A53-B6CA-FDE88714A546}.Debug|Any CPU.ActiveCfg = Debug|Any CPU
		{7929A6F6-135E-4A53-B6CA-FDE88714A546}.Debug|Any CPU.Build.0 = Debug|Any CPU
		{7929A6F6-135E-4A53-B6CA-FDE88714A546}.Release|Any CPU.ActiveCfg = Release|Any CPU
		{7929A6F6-135E-4A53-B6CA-FDE88714A546}.Release|Any CPU.Build.0 = Release|Any CPU
		{CACAA596-EB9A-43AF-973A-ABC946EDDFB2}.Debug|Any CPU.ActiveCfg = Debug|Any CPU
		{CACAA596-EB9A-43AF-973A-ABC946EDDFB2}.Debug|Any CPU.Build.0 = Debug|Any CPU
		{CACAA596-EB9A-43AF-973A-ABC946EDDFB2}.Release|Any CPU.ActiveCfg = Release|Any CPU
		{CACAA596-EB9A-43AF-973A-ABC946EDDFB2}.Release|Any CPU.Build.0 = Release|Any CPU
		{CEE4C712-BA35-486B-AE47-5F3BC35F419F}.Debug|Any CPU.ActiveCfg = Debug|Any CPU
		{CEE4C712-BA35-486B-AE47-5F3BC35F419F}.Debug|Any CPU.Build.0 = Debug|Any CPU
		{CEE4C712-BA35-486B-AE47-5F3BC35F419F}.Release|Any CPU.ActiveCfg = Release|Any CPU
		{CEE4C712-BA35-486B-AE47-5F3BC35F419F}.Release|Any CPU.Build.0 = Release|Any CPU
		{4C08ACFC-41EF-468E-A032-10BAAFD9B3DF}.Debug|Any CPU.ActiveCfg = Debug|Any CPU
		{4C08ACFC-41EF-468E-A032-10BAAFD9B3DF}.Debug|Any CPU.Build.0 = Debug|Any CPU
		{4C08ACFC-41EF-468E-A032-10BAAFD9B3DF}.Release|Any CPU.ActiveCfg = Release|Any CPU
		{4C08ACFC-41EF-468E-A032-10BAAFD9B3DF}.Release|Any CPU.Build.0 = Release|Any CPU
		{BA30B290-B5A2-44AB-A78A-296F1A68A6AB}.Debug|Any CPU.ActiveCfg = Debug|Any CPU
		{BA30B290-B5A2-44AB-A78A-296F1A68A6AB}.Debug|Any CPU.Build.0 = Debug|Any CPU
		{BA30B290-B5A2-44AB-A78A-296F1A68A6AB}.Release|Any CPU.ActiveCfg = Release|Any CPU
		{BA30B290-B5A2-44AB-A78A-296F1A68A6AB}.Release|Any CPU.Build.0 = Release|Any CPU
		{74C7B069-1D86-481F-BF4F-90E19CA917B4}.Debug|Any CPU.ActiveCfg = Debug|Any CPU
		{74C7B069-1D86-481F-BF4F-90E19CA917B4}.Debug|Any CPU.Build.0 = Debug|Any CPU
		{74C7B069-1D86-481F-BF4F-90E19CA917B4}.Release|Any CPU.ActiveCfg = Release|Any CPU
		{74C7B069-1D86-481F-BF4F-90E19CA917B4}.Release|Any CPU.Build.0 = Release|Any CPU
		{F00D6CCA-44C4-4D45-BA87-41252D32F5B8}.Debug|Any CPU.ActiveCfg = Debug|Any CPU
		{F00D6CCA-44C4-4D45-BA87-41252D32F5B8}.Debug|Any CPU.Build.0 = Debug|Any CPU
		{F00D6CCA-44C4-4D45-BA87-41252D32F5B8}.Release|Any CPU.ActiveCfg = Release|Any CPU
		{F00D6CCA-44C4-4D45-BA87-41252D32F5B8}.Release|Any CPU.Build.0 = Release|Any CPU
		{BE200CFB-9E5D-477E-A5F1-26E76337A54B}.Debug|Any CPU.ActiveCfg = Debug|Any CPU
		{BE200CFB-9E5D-477E-A5F1-26E76337A54B}.Debug|Any CPU.Build.0 = Debug|Any CPU
		{BE200CFB-9E5D-477E-A5F1-26E76337A54B}.Release|Any CPU.ActiveCfg = Release|Any CPU
		{BE200CFB-9E5D-477E-A5F1-26E76337A54B}.Release|Any CPU.Build.0 = Release|Any CPU
		{D772572D-80E5-4E54-8D87-CE640D3B0897}.Debug|Any CPU.ActiveCfg = Debug|Any CPU
		{D772572D-80E5-4E54-8D87-CE640D3B0897}.Debug|Any CPU.Build.0 = Debug|Any CPU
		{D772572D-80E5-4E54-8D87-CE640D3B0897}.Release|Any CPU.ActiveCfg = Release|Any CPU
		{D772572D-80E5-4E54-8D87-CE640D3B0897}.Release|Any CPU.Build.0 = Release|Any CPU
		{EC91A575-9908-47A4-8753-E1967054F1AD}.Debug|Any CPU.ActiveCfg = Debug|Any CPU
		{EC91A575-9908-47A4-8753-E1967054F1AD}.Debug|Any CPU.Build.0 = Debug|Any CPU
		{EC91A575-9908-47A4-8753-E1967054F1AD}.Release|Any CPU.ActiveCfg = Release|Any CPU
		{EC91A575-9908-47A4-8753-E1967054F1AD}.Release|Any CPU.Build.0 = Release|Any CPU
	EndGlobalSection
	GlobalSection(SolutionProperties) = preSolution
		HideSolutionNode = FALSE
	EndGlobalSection
	GlobalSection(NestedProjects) = preSolution
		{E903E4B0-8E47-477A-97D6-32FFFA79B1BE} = {F963E46A-253E-4FC3-91B2-91E38442E9C3}
		{9BF23AA1-83B8-45DC-979C-58FA102060A0} = {F963E46A-253E-4FC3-91B2-91E38442E9C3}
		{7574B4B3-F39B-4E21-8BD5-E3CF6B48C596} = {F963E46A-253E-4FC3-91B2-91E38442E9C3}
		{976FE761-4ABF-4D0E-AE7A-2EC6E44F5844} = {ED4134D3-31A6-4092-8F16-64E8750683AE}
		{30FAB83F-A360-416E-9DF0-A45053D6ABB6} = {F963E46A-253E-4FC3-91B2-91E38442E9C3}
		{6AC731D7-9BC4-4D13-BBFD-41CA032F7510} = {F963E46A-253E-4FC3-91B2-91E38442E9C3}
		{3C476F09-07D5-4A5E-ABFD-A395B20F6205} = {F963E46A-253E-4FC3-91B2-91E38442E9C3}
		{5BAFD2B5-E0FC-4244-9D0F-26842A9406DB} = {05DEE1FE-AD55-47A1-BC64-2FCFDA0820E8}
		{D7455F17-458C-42D1-B985-37A2C50D646F} = {E646224E-6B59-46E6-A1D9-9B0634922D80}
		{7929A6F6-135E-4A53-B6CA-FDE88714A546} = {F963E46A-253E-4FC3-91B2-91E38442E9C3}
		{CACAA596-EB9A-43AF-973A-ABC946EDDFB2} = {791C7CB5-B76A-4DB4-8D9E-72212589FD68}
		{CEE4C712-BA35-486B-AE47-5F3BC35F419F} = {E646224E-6B59-46E6-A1D9-9B0634922D80}
		{4C08ACFC-41EF-468E-A032-10BAAFD9B3DF} = {E646224E-6B59-46E6-A1D9-9B0634922D80}
		{E646224E-6B59-46E6-A1D9-9B0634922D80} = {6C77ABAD-8DD0-4356-A025-9402D906532C}
		{F963E46A-253E-4FC3-91B2-91E38442E9C3} = {6C77ABAD-8DD0-4356-A025-9402D906532C}
		{791C7CB5-B76A-4DB4-8D9E-72212589FD68} = {6C77ABAD-8DD0-4356-A025-9402D906532C}
		{05DEE1FE-AD55-47A1-BC64-2FCFDA0820E8} = {6C77ABAD-8DD0-4356-A025-9402D906532C}
		{9E78B802-7599-4072-AFEE-420686684BF5} = {6C77ABAD-8DD0-4356-A025-9402D906532C}
		{BA30B290-B5A2-44AB-A78A-296F1A68A6AB} = {9E78B802-7599-4072-AFEE-420686684BF5}
		{74C7B069-1D86-481F-BF4F-90E19CA917B4} = {791C7CB5-B76A-4DB4-8D9E-72212589FD68}
		{F00D6CCA-44C4-4D45-BA87-41252D32F5B8} = {791C7CB5-B76A-4DB4-8D9E-72212589FD68}
		{BE200CFB-9E5D-477E-A5F1-26E76337A54B} = {791C7CB5-B76A-4DB4-8D9E-72212589FD68}
		{D772572D-80E5-4E54-8D87-CE640D3B0897} = {791C7CB5-B76A-4DB4-8D9E-72212589FD68}
		{EC91A575-9908-47A4-8753-E1967054F1AD} = {E646224E-6B59-46E6-A1D9-9B0634922D80}
	EndGlobalSection
	GlobalSection(ExtensibilityGlobals) = postSolution
		SolutionGuid = {850D70F6-C0C5-4C35-949D-79D904E347F5}
	EndGlobalSection
EndGlobal
